
Microsoft Visual Studio Solution File, Format Version 12.00
# Visual Studio Version 16
VisualStudioVersion = 16.0.29411.108
MinimumVisualStudioVersion = 10.0.40219.1
Project("{FAE04EC0-301F-11D3-BF4B-00C04F79EFBC}") = "Smakar cola", "Smakar cola\Smakar cola.csproj", "{D5F6025F-4AE9-4F37-88CC-3A5E8D650D8A}"
EndProject
Global
	GlobalSection(SolutionConfigurationPlatforms) = preSolution
		Debug|Any CPU = Debug|Any CPU
		Release|Any CPU = Release|Any CPU
	EndGlobalSection
	GlobalSection(ProjectConfigurationPlatforms) = postSolution
		{D5F6025F-4AE9-4F37-88CC-3A5E8D650D8A}.Debug|Any CPU.ActiveCfg = Debug|Any CPU
		{D5F6025F-4AE9-4F37-88CC-3A5E8D650D8A}.Debug|Any CPU.Build.0 = Debug|Any CPU
		{D5F6025F-4AE9-4F37-88CC-3A5E8D650D8A}.Release|Any CPU.ActiveCfg = Release|Any CPU
		{D5F6025F-4AE9-4F37-88CC-3A5E8D650D8A}.Release|Any CPU.Build.0 = Release|Any CPU
	EndGlobalSection
	GlobalSection(SolutionProperties) = preSolution
		HideSolutionNode = FALSE
	EndGlobalSection
	GlobalSection(ExtensibilityGlobals) = postSolution
		SolutionGuid = {C0F5FCA2-CE1C-41CA-8E3C-00B276FB6535}
	EndGlobalSection
EndGlobal
